
Microsoft Visual Studio Solution File, Format Version 12.00
# Visual Studio Version 16
VisualStudioVersion = 16.0.31729.503
MinimumVisualStudioVersion = 10.0.40219.1
Project("{FAE04EC0-301F-11D3-BF4B-00C04F79EFBC}") = "Ratuj Ludzi", "Ratuj Ludzi\Ratuj Ludzi.csproj", "{2ED42C20-A57E-4B6E-9041-F4898870A232}"
EndProject
Global
	GlobalSection(SolutionConfigurationPlatforms) = preSolution
		Debug|Any CPU = Debug|Any CPU
		Release|Any CPU = Release|Any CPU
	EndGlobalSection
	GlobalSection(ProjectConfigurationPlatforms) = postSolution
		{2ED42C20-A57E-4B6E-9041-F4898870A232}.Debug|Any CPU.ActiveCfg = Debug|Any CPU
		{2ED42C20-A57E-4B6E-9041-F4898870A232}.Debug|Any CPU.Build.0 = Debug|Any CPU
		{2ED42C20-A57E-4B6E-9041-F4898870A232}.Release|Any CPU.ActiveCfg = Release|Any CPU
		{2ED42C20-A57E-4B6E-9041-F4898870A232}.Release|Any CPU.Build.0 = Release|Any CPU
	EndGlobalSection
	GlobalSection(SolutionProperties) = preSolution
		HideSolutionNode = FALSE
	EndGlobalSection
	GlobalSection(ExtensibilityGlobals) = postSolution
		SolutionGuid = {436E4728-43CA-462B-B876-6B7FC40DC06F}
	EndGlobalSection
EndGlobal
